
Microsoft Visual Studio Solution File, Format Version 12.00
# Visual Studio Version 17
VisualStudioVersion = 17.2.32616.157
MinimumVisualStudioVersion = 10.0.40219.1
Project("{FAE04EC0-301F-11D3-BF4B-00C04F79EFBC}") = "ReadWriteProperty.Android", "ReadWriteProperty\ReadWriteProperty.Android\ReadWriteProperty.Android.csproj", "{32A7EDD3-8E46-40AA-BE09-9AC3C174920F}"
EndProject
Project("{FAE04EC0-301F-11D3-BF4B-00C04F79EFBC}") = "ReadWriteProperty", "ReadWriteProperty\ReadWriteProperty\ReadWriteProperty.csproj", "{91C02599-A009-473F-846B-FA87ABDDD9FE}"
EndProject
Project("{FAE04EC0-301F-11D3-BF4B-00C04F79EFBC}") = "UpdateLocationTruck.Android", "UpdateLocationTruck\UpdateLocationTruck.Android\UpdateLocationTruck.Android.csproj", "{CF4D3576-66D6-464C-AC1C-9DA2C9851215}"
EndProject
Project("{FAE04EC0-301F-11D3-BF4B-00C04F79EFBC}") = "UpdateLocationTruck", "UpdateLocationTruck\UpdateLocationTruck\UpdateLocationTruck.csproj", "{00CCEB18-4005-4012-A9CC-69F01F3F35A1}"
EndProject
Global
	GlobalSection(SolutionConfigurationPlatforms) = preSolution
		Debug|Any CPU = Debug|Any CPU
		Release|Any CPU = Release|Any CPU
	EndGlobalSection
	GlobalSection(ProjectConfigurationPlatforms) = postSolution
		{32A7EDD3-8E46-40AA-BE09-9AC3C174920F}.Debug|Any CPU.ActiveCfg = Debug|Any CPU
		{32A7EDD3-8E46-40AA-BE09-9AC3C174920F}.Debug|Any CPU.Build.0 = Debug|Any CPU
		{32A7EDD3-8E46-40AA-BE09-9AC3C174920F}.Debug|Any CPU.Deploy.0 = Debug|Any CPU
		{32A7EDD3-8E46-40AA-BE09-9AC3C174920F}.Release|Any CPU.ActiveCfg = Release|Any CPU
		{32A7EDD3-8E46-40AA-BE09-9AC3C174920F}.Release|Any CPU.Build.0 = Release|Any CPU
		{32A7EDD3-8E46-40AA-BE09-9AC3C174920F}.Release|Any CPU.Deploy.0 = Release|Any CPU
		{91C02599-A009-473F-846B-FA87ABDDD9FE}.Debug|Any CPU.ActiveCfg = Debug|Any CPU
		{91C02599-A009-473F-846B-FA87ABDDD9FE}.Debug|Any CPU.Build.0 = Debug|Any CPU
		{91C02599-A009-473F-846B-FA87ABDDD9FE}.Release|Any CPU.ActiveCfg = Release|Any CPU
		{91C02599-A009-473F-846B-FA87ABDDD9FE}.Release|Any CPU.Build.0 = Release|Any CPU
		{CF4D3576-66D6-464C-AC1C-9DA2C9851215}.Debug|Any CPU.ActiveCfg = Debug|Any CPU
		{CF4D3576-66D6-464C-AC1C-9DA2C9851215}.Debug|Any CPU.Build.0 = Debug|Any CPU
		{CF4D3576-66D6-464C-AC1C-9DA2C9851215}.Debug|Any CPU.Deploy.0 = Debug|Any CPU
		{CF4D3576-66D6-464C-AC1C-9DA2C9851215}.Release|Any CPU.ActiveCfg = Release|Any CPU
		{CF4D3576-66D6-464C-AC1C-9DA2C9851215}.Release|Any CPU.Build.0 = Release|Any CPU
		{CF4D3576-66D6-464C-AC1C-9DA2C9851215}.Release|Any CPU.Deploy.0 = Release|Any CPU
		{00CCEB18-4005-4012-A9CC-69F01F3F35A1}.Debug|Any CPU.ActiveCfg = Debug|Any CPU
		{00CCEB18-4005-4012-A9CC-69F01F3F35A1}.Debug|Any CPU.Build.0 = Debug|Any CPU
		{00CCEB18-4005-4012-A9CC-69F01F3F35A1}.Release|Any CPU.ActiveCfg = Release|Any CPU
		{00CCEB18-4005-4012-A9CC-69F01F3F35A1}.Release|Any CPU.Build.0 = Release|Any CPU
	EndGlobalSection
	GlobalSection(SolutionProperties) = preSolution
		HideSolutionNode = FALSE
	EndGlobalSection
	GlobalSection(ExtensibilityGlobals) = postSolution
		SolutionGuid = {495FB584-7428-4153-A11A-73DB8D36D86A}
	EndGlobalSection
EndGlobal
